
Microsoft Visual Studio Solution File, Format Version 12.00
# Visual Studio Version 17
VisualStudioVersion = 17.12.35707.178
MinimumVisualStudioVersion = 10.0.40219.1
Project("{FAE04EC0-301F-11D3-BF4B-00C04F79EFBC}") = "DNATesting.GrpcService.PhienNT", "DNATesting.GrpcService.PhienNT\DNATesting.GrpcService.PhienNT.csproj", "{CAFB51C1-8355-468B-A5AA-473EFCA2481B}"
EndProject
Project("{FAE04EC0-301F-11D3-BF4B-00C04F79EFBC}") = "DNATestingSystem.gRPCClient.ConsoleApp.PhienNT", "DNATestingSystem.gRPCClient.ConsoleApp.PhienNT\DNATestingSystem.gRPCClient.ConsoleApp.PhienNT.csproj", "{9BD95F9E-35F0-44DF-981E-8A995F37C429}"
EndProject
Project("{FAE04EC0-301F-11D3-BF4B-00C04F79EFBC}") = "DNATesting.Repository.PhienNT", "DNATesting.Repository.PhienNT\DNATesting.Repository.PhienNT.csproj", "{37E0B298-3AF0-F779-389A-789FA6D9A40C}"
EndProject
Project("{FAE04EC0-301F-11D3-BF4B-00C04F79EFBC}") = "DNATesting.Service.PhienNT", "DNATesting.Service.PhienNT\DNATesting.Service.PhienNT.csproj", "{01E9DE8D-F55F-659B-353F-8D56BD038C20}"
EndProject
Global
	GlobalSection(SolutionConfigurationPlatforms) = preSolution
		Debug|Any CPU = Debug|Any CPU
		Release|Any CPU = Release|Any CPU
	EndGlobalSection
	GlobalSection(ProjectConfigurationPlatforms) = postSolution
		{CAFB51C1-8355-468B-A5AA-473EFCA2481B}.Debug|Any CPU.ActiveCfg = Debug|Any CPU
		{CAFB51C1-8355-468B-A5AA-473EFCA2481B}.Debug|Any CPU.Build.0 = Debug|Any CPU
		{CAFB51C1-8355-468B-A5AA-473EFCA2481B}.Release|Any CPU.ActiveCfg = Release|Any CPU
		{CAFB51C1-8355-468B-A5AA-473EFCA2481B}.Release|Any CPU.Build.0 = Release|Any CPU
		{9BD95F9E-35F0-44DF-981E-8A995F37C429}.Debug|Any CPU.ActiveCfg = Debug|Any CPU
		{9BD95F9E-35F0-44DF-981E-8A995F37C429}.Debug|Any CPU.Build.0 = Debug|Any CPU
		{9BD95F9E-35F0-44DF-981E-8A995F37C429}.Release|Any CPU.ActiveCfg = Release|Any CPU
		{9BD95F9E-35F0-44DF-981E-8A995F37C429}.Release|Any CPU.Build.0 = Release|Any CPU
		{37E0B298-3AF0-F779-389A-789FA6D9A40C}.Debug|Any CPU.ActiveCfg = Debug|Any CPU
		{37E0B298-3AF0-F779-389A-789FA6D9A40C}.Debug|Any CPU.Build.0 = Debug|Any CPU
		{37E0B298-3AF0-F779-389A-789FA6D9A40C}.Release|Any CPU.ActiveCfg = Release|Any CPU
		{37E0B298-3AF0-F779-389A-789FA6D9A40C}.Release|Any CPU.Build.0 = Release|Any CPU
		{01E9DE8D-F55F-659B-353F-8D56BD038C20}.Debug|Any CPU.ActiveCfg = Debug|Any CPU
		{01E9DE8D-F55F-659B-353F-8D56BD038C20}.Debug|Any CPU.Build.0 = Debug|Any CPU
		{01E9DE8D-F55F-659B-353F-8D56BD038C20}.Release|Any CPU.ActiveCfg = Release|Any CPU
		{01E9DE8D-F55F-659B-353F-8D56BD038C20}.Release|Any CPU.Build.0 = Release|Any CPU
	EndGlobalSection
	GlobalSection(SolutionProperties) = preSolution
		HideSolutionNode = FALSE
	EndGlobalSection
EndGlobal
